// !$*UTF8*$!
{
	archiveVersion = 1;
	classes = {
	};
	objectVersion = 55;
	objects = {

/* Begin PBXBuildFile section */
		BD95DE152894209B00172FDB /* AppDelegate.swift in Sources */ = {isa = PBXBuildFile; fileRef = BD95DE142894209B00172FDB /* AppDelegate.swift */; };
		BD95DE172894209B00172FDB /* SceneDelegate.swift in Sources */ = {isa = PBXBuildFile; fileRef = BD95DE162894209B00172FDB /* SceneDelegate.swift */; };
		BD95DE1C2894209B00172FDB /* Main.storyboard in Resources */ = {isa = PBXBuildFile; fileRef = BD95DE1A2894209B00172FDB /* Main.storyboard */; };
		BD95DE1F2894209B00172FDB /* ToDoList.xcdatamodeld in Sources */ = {isa = PBXBuildFile; fileRef = BD95DE1D2894209B00172FDB /* ToDoList.xcdatamodeld */; };
		BD95DE212894209C00172FDB /* Assets.xcassets in Resources */ = {isa = PBXBuildFile; fileRef = BD95DE202894209C00172FDB /* Assets.xcassets */; };
		BD95DE242894209C00172FDB /* LaunchScreen.storyboard in Resources */ = {isa = PBXBuildFile; fileRef = BD95DE222894209C00172FDB /* LaunchScreen.storyboard */; };
		BD95DE2F2894209D00172FDB /* ToDoListTests.swift in Sources */ = {isa = PBXBuildFile; fileRef = BD95DE2E2894209D00172FDB /* ToDoListTests.swift */; };
		BD95DE392894209D00172FDB /* ToDoListUITests.swift in Sources */ = {isa = PBXBuildFile; fileRef = BD95DE382894209D00172FDB /* ToDoListUITests.swift */; };
		BD95DE3B2894209D00172FDB /* ToDoListUITestsLaunchTests.swift in Sources */ = {isa = PBXBuildFile; fileRef = BD95DE3A2894209D00172FDB /* ToDoListUITestsLaunchTests.swift */; };
		BD95DE49289423C000172FDB /* ToDoTableViewController.swift in Sources */ = {isa = PBXBuildFile; fileRef = BD95DE48289423BF00172FDB /* ToDoTableViewController.swift */; };
		BD95DE4B2894249E00172FDB /* ToDo.swift in Sources */ = {isa = PBXBuildFile; fileRef = BD95DE4A2894249E00172FDB /* ToDo.swift */; };
		BDEF512328943D13005F61EE /* AddToDoViewController.swift in Sources */ = {isa = PBXBuildFile; fileRef = BDEF512228943D13005F61EE /* AddToDoViewController.swift */; };
/* End PBXBuildFile section */

/* Begin PBXContainerItemProxy section */
		BD95DE2B2894209D00172FDB /* PBXContainerItemProxy */ = {
			isa = PBXContainerItemProxy;
			containerPortal = BD95DE092894209A00172FDB /* Project object */;
			proxyType = 1;
			remoteGlobalIDString = BD95DE102894209A00172FDB;
			remoteInfo = ToDoList;
		};
		BD95DE352894209D00172FDB /* PBXContainerItemProxy */ = {
			isa = PBXContainerItemProxy;
			containerPortal = BD95DE092894209A00172FDB /* Project object */;
			proxyType = 1;
			remoteGlobalIDString = BD95DE102894209A00172FDB;
			remoteInfo = ToDoList;
		};
/* End PBXContainerItemProxy section */

/* Begin PBXFileReference section */
		BD95DE112894209B00172FDB /* ToDoList.app */ = {isa = PBXFileReference; explicitFileType = wrapper.application; includeInIndex = 0; path = ToDoList.app; sourceTree = BUILT_PRODUCTS_DIR; };
		BD95DE142894209B00172FDB /* AppDelegate.swift */ = {isa = PBXFileReference; lastKnownFileType = sourcecode.swift; path = AppDelegate.swift; sourceTree = "<group>"; };
		BD95DE162894209B00172FDB /* SceneDelegate.swift */ = {isa = PBXFileReference; lastKnownFileType = sourcecode.swift; path = SceneDelegate.swift; sourceTree = "<group>"; };
		BD95DE1B2894209B00172FDB /* Base */ = {isa = PBXFileReference; lastKnownFileType = file.storyboard; name = Base; path = Base.lproj/Main.storyboard; sourceTree = "<group>"; };
		BD95DE1E2894209B00172FDB /* ToDoList.xcdatamodel */ = {isa = PBXFileReference; lastKnownFileType = wrapper.xcdatamodel; path = ToDoList.xcdatamodel; sourceTree = "<group>"; };
		BD95DE202894209C00172FDB /* Assets.xcassets */ = {isa = PBXFileReference; lastKnownFileType = folder.assetcatalog; path = Assets.xcassets; sourceTree = "<group>"; };
		BD95DE232894209C00172FDB /* Base */ = {isa = PBXFileReference; lastKnownFileType = file.storyboard; name = Base; path = Base.lproj/LaunchScreen.storyboard; sourceTree = "<group>"; };
		BD95DE252894209C00172FDB /* Info.plist */ = {isa = PBXFileReference; lastKnownFileType = text.plist.xml; path = Info.plist; sourceTree = "<group>"; };
		BD95DE2A2894209D00172FDB /* ToDoListTests.xctest */ = {isa = PBXFileReference; explicitFileType = wrapper.cfbundle; includeInIndex = 0; path = ToDoListTests.xctest; sourceTree = BUILT_PRODUCTS_DIR; };
		BD95DE2E2894209D00172FDB /* ToDoListTests.swift */ = {isa = PBXFileReference; lastKnownFileType = sourcecode.swift; path = ToDoListTests.swift; sourceTree = "<group>"; };
		BD95DE342894209D00172FDB /* ToDoListUITests.xctest */ = {isa = PBXFileReference; explicitFileType = wrapper.cfbundle; includeInIndex = 0; path = ToDoListUITests.xctest; sourceTree = BUILT_PRODUCTS_DIR; };
		BD95DE382894209D00172FDB /* ToDoListUITests.swift */ = {isa = PBXFileReference; lastKnownFileType = sourcecode.swift; path = ToDoListUITests.swift; sourceTree = "<group>"; };
		BD95DE3A2894209D00172FDB /* ToDoListUITestsLaunchTests.swift */ = {isa = PBXFileReference; lastKnownFileType = sourcecode.swift; path = ToDoListUITestsLaunchTests.swift; sourceTree = "<group>"; };
		BD95DE48289423BF00172FDB /* ToDoTableViewController.swift */ = {isa = PBXFileReference; lastKnownFileType = sourcecode.swift; path = ToDoTableViewController.swift; sourceTree = "<group>"; };
		BD95DE4A2894249E00172FDB /* ToDo.swift */ = {isa = PBXFileReference; lastKnownFileType = sourcecode.swift; path = ToDo.swift; sourceTree = "<group>"; };
		BDEF512228943D13005F61EE /* AddToDoViewController.swift */ = {isa = PBXFileReference; lastKnownFileType = sourcecode.swift; path = AddToDoViewController.swift; sourceTree = "<group>"; };
/* End PBXFileReference section */

/* Begin PBXFrameworksBuildPhase section */
		BD95DE0E2894209A00172FDB /* Frameworks */ = {
			isa = PBXFrameworksBuildPhase;
			buildActionMask = 2147483647;
			files = (
			);
			runOnlyForDeploymentPostprocessing = 0;
		};
		BD95DE272894209D00172FDB /* Frameworks */ = {
			isa = PBXFrameworksBuildPhase;
			buildActionMask = 2147483647;
			files = (
			);
			runOnlyForDeploymentPostprocessing = 0;
		};
		BD95DE312894209D00172FDB /* Frameworks */ = {
			isa = PBXFrameworksBuildPhase;
			buildActionMask = 2147483647;
			files = (
			);
			runOnlyForDeploymentPostprocessing = 0;
		};
/* End PBXFrameworksBuildPhase section */

/* Begin PBXGroup section */
		BD95DE082894209A00172FDB = {
			isa = PBXGroup;
			children = (
				BD95DE132894209B00172FDB /* ToDoList */,
				BD95DE2D2894209D00172FDB /* ToDoListTests */,
				BD95DE372894209D00172FDB /* ToDoListUITests */,
				BD95DE122894209B00172FDB /* Products */,
			);
			sourceTree = "<group>";
		};
		BD95DE122894209B00172FDB /* Products */ = {
			isa = PBXGroup;
			children = (
				BD95DE112894209B00172FDB /* ToDoList.app */,
				BD95DE2A2894209D00172FDB /* ToDoListTests.xctest */,
				BD95DE342894209D00172FDB /* ToDoListUITests.xctest */,
			);
			name = Products;
			sourceTree = "<group>";
		};
		BD95DE132894209B00172FDB /* ToDoList */ = {
			isa = PBXGroup;
			children = (
				BD95DE142894209B00172FDB /* AppDelegate.swift */,
				BD95DE162894209B00172FDB /* SceneDelegate.swift */,
				BD95DE1A2894209B00172FDB /* Main.storyboard */,
				BDEF512228943D13005F61EE /* AddToDoViewController.swift */,
				BD95DE48289423BF00172FDB /* ToDoTableViewController.swift */,
				BD95DE4A2894249E00172FDB /* ToDo.swift */,
				BD95DE202894209C00172FDB /* Assets.xcassets */,
				BD95DE222894209C00172FDB /* LaunchScreen.storyboard */,
				BD95DE252894209C00172FDB /* Info.plist */,
				BD95DE1D2894209B00172FDB /* ToDoList.xcdatamodeld */,
			);
			path = ToDoList;
			sourceTree = "<group>";
		};
		BD95DE2D2894209D00172FDB /* ToDoListTests */ = {
			isa = PBXGroup;
			children = (
				BD95DE2E2894209D00172FDB /* ToDoListTests.swift */,
			);
			path = ToDoListTests;
			sourceTree = "<group>";
		};
		BD95DE372894209D00172FDB /* ToDoListUITests */ = {
			isa = PBXGroup;
			children = (
				BD95DE382894209D00172FDB /* ToDoListUITests.swift */,
				BD95DE3A2894209D00172FDB /* ToDoListUITestsLaunchTests.swift */,
			);
			path = ToDoListUITests;
			sourceTree = "<group>";
		};
/* End PBXGroup section */

/* Begin PBXNativeTarget section */
		BD95DE102894209A00172FDB /* ToDoList */ = {
			isa = PBXNativeTarget;
			buildConfigurationList = BD95DE3E2894209D00172FDB /* Build configuration list for PBXNativeTarget "ToDoList" */;
			buildPhases = (
				BD95DE0D2894209A00172FDB /* Sources */,
				BD95DE0E2894209A00172FDB /* Frameworks */,
				BD95DE0F2894209A00172FDB /* Resources */,
			);
			buildRules = (
			);
			dependencies = (
			);
			name = ToDoList;
			productName = ToDoList;
			productReference = BD95DE112894209B00172FDB /* ToDoList.app */;
			productType = "com.apple.product-type.application";
		};
		BD95DE292894209D00172FDB /* ToDoListTests */ = {
			isa = PBXNativeTarget;
			buildConfigurationList = BD95DE412894209D00172FDB /* Build configuration list for PBXNativeTarget "ToDoListTests" */;
			buildPhases = (
				BD95DE262894209D00172FDB /* Sources */,
				BD95DE272894209D00172FDB /* Frameworks */,
				BD95DE282894209D00172FDB /* Resources */,
			);
			buildRules = (
			);
			dependencies = (
				BD95DE2C2894209D00172FDB /* PBXTargetDependency */,
			);
			name = ToDoListTests;
			productName = ToDoListTests;
			productReference = BD95DE2A2894209D00172FDB /* ToDoListTests.xctest */;
			productType = "com.apple.product-type.bundle.unit-test";
		};
		BD95DE332894209D00172FDB /* ToDoListUITests */ = {
			isa = PBXNativeTarget;
			buildConfigurationList = BD95DE442894209D00172FDB /* Build configuration list for PBXNativeTarget "ToDoListUITests" */;
			buildPhases = (
				BD95DE302894209D00172FDB /* Sources */,
				BD95DE312894209D00172FDB /* Frameworks */,
				BD95DE322894209D00172FDB /* Resources */,
			);
			buildRules = (
			);
			dependencies = (
				BD95DE362894209D00172FDB /* PBXTargetDependency */,
			);
			name = ToDoListUITests;
			productName = ToDoListUITests;
			productReference = BD95DE342894209D00172FDB /* ToDoListUITests.xctest */;
			productType = "com.apple.product-type.bundle.ui-testing";
		};
/* End PBXNativeTarget section */

/* Begin PBXProject section */
		BD95DE092894209A00172FDB /* Project object */ = {
			isa = PBXProject;
			attributes = {
				BuildIndependentTargetsInParallel = 1;
				LastSwiftUpdateCheck = 1340;
				LastUpgradeCheck = 1340;
				TargetAttributes = {
					BD95DE102894209A00172FDB = {
						CreatedOnToolsVersion = 13.4.1;
					};
					BD95DE292894209D00172FDB = {
						CreatedOnToolsVersion = 13.4.1;
						TestTargetID = BD95DE102894209A00172FDB;
					};
					BD95DE332894209D00172FDB = {
						CreatedOnToolsVersion = 13.4.1;
						TestTargetID = BD95DE102894209A00172FDB;
					};
				};
			};
			buildConfigurationList = BD95DE0C2894209A00172FDB /* Build configuration list for PBXProject "ToDoList" */;
			compatibilityVersion = "Xcode 13.0";
			developmentRegion = en;
			hasScannedForEncodings = 0;
			knownRegions = (
				en,
				Base,
			);
			mainGroup = BD95DE082894209A00172FDB;
			productRefGroup = BD95DE122894209B00172FDB /* Products */;
			projectDirPath = "";
			projectRoot = "";
			targets = (
				BD95DE102894209A00172FDB /* ToDoList */,
				BD95DE292894209D00172FDB /* ToDoListTests */,
				BD95DE332894209D00172FDB /* ToDoListUITests */,
			);
		};
/* End PBXProject section */

/* Begin PBXResourcesBuildPhase section */
		BD95DE0F2894209A00172FDB /* Resources */ = {
			isa = PBXResourcesBuildPhase;
			buildActionMask = 2147483647;
			files = (
				BD95DE242894209C00172FDB /* LaunchScreen.storyboard in Resources */,
				BD95DE212894209C00172FDB /* Assets.xcassets in Resources */,
				BD95DE1C2894209B00172FDB /* Main.storyboard in Resources */,
			);
			runOnlyForDeploymentPostprocessing = 0;
		};
		BD95DE282894209D00172FDB /* Resources */ = {
			isa = PBXResourcesBuildPhase;
			buildActionMask = 2147483647;
			files = (
			);
			runOnlyForDeploymentPostprocessing = 0;
		};
		BD95DE322894209D00172FDB /* Resources */ = {
			isa = PBXResourcesBuildPhase;
			buildActionMask = 2147483647;
			files = (
			);
			runOnlyForDeploymentPostprocessing = 0;
		};
/* End PBXResourcesBuildPhase section */

/* Begin PBXSourcesBuildPhase section */
		BD95DE0D2894209A00172FDB /* Sources */ = {
			isa = PBXSourcesBuildPhase;
			buildActionMask = 2147483647;
			files = (
				BD95DE152894209B00172FDB /* AppDelegate.swift in Sources */,
				BD95DE4B2894249E00172FDB /* ToDo.swift in Sources */,
				BD95DE49289423C000172FDB /* ToDoTableViewController.swift in Sources */,
				BD95DE172894209B00172FDB /* SceneDelegate.swift in Sources */,
				BDEF512328943D13005F61EE /* AddToDoViewController.swift in Sources */,
				BD95DE1F2894209B00172FDB /* ToDoList.xcdatamodeld in Sources */,
			);
			runOnlyForDeploymentPostprocessing = 0;
		};
		BD95DE262894209D00172FDB /* Sources */ = {
			isa = PBXSourcesBuildPhase;
			buildActionMask = 2147483647;
			files = (
				BD95DE2F2894209D00172FDB /* ToDoListTests.swift in Sources */,
			);
			runOnlyForDeploymentPostprocessing = 0;
		};
		BD95DE302894209D00172FDB /* Sources */ = {
			isa = PBXSourcesBuildPhase;
			buildActionMask = 2147483647;
			files = (
				BD95DE3B2894209D00172FDB /* ToDoListUITestsLaunchTests.swift in Sources */,
				BD95DE392894209D00172FDB /* ToDoListUITests.swift in Sources */,
			);
			runOnlyForDeploymentPostprocessing = 0;
		};
/* End PBXSourcesBuildPhase section */

/* Begin PBXTargetDependency section */
		BD95DE2C2894209D00172FDB /* PBXTargetDependency */ = {
			isa = PBXTargetDependency;
			target = BD95DE102894209A00172FDB /* ToDoList */;
			targetProxy = BD95DE2B2894209D00172FDB /* PBXContainerItemProxy */;
		};
		BD95DE362894209D00172FDB /* PBXTargetDependency */ = {
			isa = PBXTargetDependency;
			target = BD95DE102894209A00172FDB /* ToDoList */;
			targetProxy = BD95DE352894209D00172FDB /* PBXContainerItemProxy */;
		};
/* End PBXTargetDependency section */

/* Begin PBXVariantGroup section */
		BD95DE1A2894209B00172FDB /* Main.storyboard */ = {
			isa = PBXVariantGroup;
			children = (
				BD95DE1B2894209B00172FDB /* Base */,
			);
			name = Main.storyboard;
			sourceTree = "<group>";
		};
		BD95DE222894209C00172FDB /* LaunchScreen.storyboard */ = {
			isa = PBXVariantGroup;
			children = (
				BD95DE232894209C00172FDB /* Base */,
			);
			name = LaunchScreen.storyboard;
			sourceTree = "<group>";
		};
/* End PBXVariantGroup section */

/* Begin XCBuildConfiguration section */
		BD95DE3C2894209D00172FDB /* Debug */ = {
			isa = XCBuildConfiguration;
			buildSettings = {
				ALWAYS_SEARCH_USER_PATHS = NO;
				CLANG_ANALYZER_NONNULL = YES;
				CLANG_ANALYZER_NUMBER_OBJECT_CONVERSION = YES_AGGRESSIVE;
				CLANG_CXX_LANGUAGE_STANDARD = "gnu++17";
				CLANG_ENABLE_MODULES = YES;
				CLANG_ENABLE_OBJC_ARC = YES;
				CLANG_ENABLE_OBJC_WEAK = YES;
				CLANG_WARN_BLOCK_CAPTURE_AUTORELEASING = YES;
				CLANG_WARN_BOOL_CONVERSION = YES;
				CLANG_WARN_COMMA = YES;
				CLANG_WARN_CONSTANT_CONVERSION = YES;
				CLANG_WARN_DEPRECATED_OBJC_IMPLEMENTATIONS = YES;
				CLANG_WARN_DIRECT_OBJC_ISA_USAGE = YES_ERROR;
				CLANG_WARN_DOCUMENTATION_COMMENTS = YES;
				CLANG_WARN_EMPTY_BODY = YES;
				CLANG_WARN_ENUM_CONVERSION = YES;
				CLANG_WARN_INFINITE_RECURSION = YES;
				CLANG_WARN_INT_CONVERSION = YES;
				CLANG_WARN_NON_LITERAL_NULL_CONVERSION = YES;
				CLANG_WARN_OBJC_IMPLICIT_RETAIN_SELF = YES;
				CLANG_WARN_OBJC_LITERAL_CONVERSION = YES;
				CLANG_WARN_OBJC_ROOT_CLASS = YES_ERROR;
				CLANG_WARN_QUOTED_INCLUDE_IN_FRAMEWORK_HEADER = YES;
				CLANG_WARN_RANGE_LOOP_ANALYSIS = YES;
				CLANG_WARN_STRICT_PROTOTYPES = YES;
				CLANG_WARN_SUSPICIOUS_MOVE = YES;
				CLANG_WARN_UNGUARDED_AVAILABILITY = YES_AGGRESSIVE;
				CLANG_WARN_UNREACHABLE_CODE = YES;
				CLANG_WARN__DUPLICATE_METHOD_MATCH = YES;
				COPY_PHASE_STRIP = NO;
				DEBUG_INFORMATION_FORMAT = dwarf;
				ENABLE_STRICT_OBJC_MSGSEND = YES;
				ENABLE_TESTABILITY = YES;
				GCC_C_LANGUAGE_STANDARD = gnu11;
				GCC_DYNAMIC_NO_PIC = NO;
				GCC_NO_COMMON_BLOCKS = YES;
				GCC_OPTIMIZATION_LEVEL = 0;
				GCC_PREPROCESSOR_DEFINITIONS = (
					"DEBUG=1",
					"$(inherited)",
				);
				GCC_WARN_64_TO_32_BIT_CONVERSION = YES;
				GCC_WARN_ABOUT_RETURN_TYPE = YES_ERROR;
				GCC_WARN_UNDECLARED_SELECTOR = YES;
				GCC_WARN_UNINITIALIZED_AUTOS = YES_AGGRESSIVE;
				GCC_WARN_UNUSED_FUNCTION = YES;
				GCC_WARN_UNUSED_VARIABLE = YES;
				IPHONEOS_DEPLOYMENT_TARGET = 15.5;
				MTL_ENABLE_DEBUG_INFO = INCLUDE_SOURCE;
				MTL_FAST_MATH = YES;
				ONLY_ACTIVE_ARCH = YES;
				SDKROOT = iphoneos;
				SWIFT_ACTIVE_COMPILATION_CONDITIONS = DEBUG;
				SWIFT_OPTIMIZATION_LEVEL = "-Onone";
			};
			name = Debug;
		};
		BD95DE3D2894209D00172FDB /* Release */ = {
			isa = XCBuildConfiguration;
			buildSettings = {
				ALWAYS_SEARCH_USER_PATHS = NO;
				CLANG_ANALYZER_NONNULL = YES;
				CLANG_ANALYZER_NUMBER_OBJECT_CONVERSION = YES_AGGRESSIVE;
				CLANG_CXX_LANGUAGE_STANDARD = "gnu++17";
				CLANG_ENABLE_MODULES = YES;
				CLANG_ENABLE_OBJC_ARC = YES;
				CLANG_ENABLE_OBJC_WEAK = YES;
				CLANG_WARN_BLOCK_CAPTURE_AUTORELEASING = YES;
				CLANG_WARN_BOOL_CONVERSION = YES;
				CLANG_WARN_COMMA = YES;
				CLANG_WARN_CONSTANT_CONVERSION = YES;
				CLANG_WARN_DEPRECATED_OBJC_IMPLEMENTATIONS = YES;
				CLANG_WARN_DIRECT_OBJC_ISA_USAGE = YES_ERROR;
				CLANG_WARN_DOCUMENTATION_COMMENTS = YES;
				CLANG_WARN_EMPTY_BODY = YES;
				CLANG_WARN_ENUM_CONVERSION = YES;
				CLANG_WARN_INFINITE_RECURSION = YES;
				CLANG_WARN_INT_CONVERSION = YES;
				CLANG_WARN_NON_LITERAL_NULL_CONVERSION = YES;
				CLANG_WARN_OBJC_IMPLICIT_RETAIN_SELF = YES;
				CLANG_WARN_OBJC_LITERAL_CONVERSION = YES;
				CLANG_WARN_OBJC_ROOT_CLASS = YES_ERROR;
				CLANG_WARN_QUOTED_INCLUDE_IN_FRAMEWORK_HEADER = YES;
				CLANG_WARN_RANGE_LOOP_ANALYSIS = YES;
				CLANG_WARN_STRICT_PROTOTYPES = YES;
				CLANG_WARN_SUSPICIOUS_MOVE = YES;
				CLANG_WARN_UNGUARDED_AVAILABILITY = YES_AGGRESSIVE;
				CLANG_WARN_UNREACHABLE_CODE = YES;
				CLANG_WARN__DUPLICATE_METHOD_MATCH = YES;
				COPY_PHASE_STRIP = NO;
				DEBUG_INFORMATION_FORMAT = "dwarf-with-dsym";
				ENABLE_NS_ASSERTIONS = NO;
				ENABLE_STRICT_OBJC_MSGSEND = YES;
				GCC_C_LANGUAGE_STANDARD = gnu11;
				GCC_NO_COMMON_BLOCKS = YES;
				GCC_WARN_64_TO_32_BIT_CONVERSION = YES;
				GCC_WARN_ABOUT_RETURN_TYPE = YES_ERROR;
				GCC_WARN_UNDECLARED_SELECTOR = YES;
				GCC_WARN_UNINITIALIZED_AUTOS = YES_AGGRESSIVE;
				GCC_WARN_UNUSED_FUNCTION = YES;
				GCC_WARN_UNUSED_VARIABLE = YES;
				IPHONEOS_DEPLOYMENT_TARGET = 15.5;
				MTL_ENABLE_DEBUG_INFO = NO;
				MTL_FAST_MATH = YES;
				SDKROOT = iphoneos;
				SWIFT_COMPILATION_MODE = wholemodule;
				SWIFT_OPTIMIZATION_LEVEL = "-O";
				VALIDATE_PRODUCT = YES;
			};
			name = Release;
		};
		BD95DE3F2894209D00172FDB /* Debug */ = {
			isa = XCBuildConfiguration;
			buildSettings = {
				ASSETCATALOG_COMPILER_APPICON_NAME = AppIcon;
				ASSETCATALOG_COMPILER_GLOBAL_ACCENT_COLOR_NAME = AccentColor;
				CODE_SIGN_STYLE = Automatic;
				CURRENT_PROJECT_VERSION = 1;
				GENERATE_INFOPLIST_FILE = YES;
				INFOPLIST_FILE = ToDoList/Info.plist;
				INFOPLIST_KEY_UIApplicationSupportsIndirectInputEvents = YES;
				INFOPLIST_KEY_UILaunchStoryboardName = LaunchScreen;
				INFOPLIST_KEY_UIMainStoryboardFile = Main;
				INFOPLIST_KEY_UISupportedInterfaceOrientations_iPad = "UIInterfaceOrientationPortrait UIInterfaceOrientationPortraitUpsideDown UIInterfaceOrientationLandscapeLeft UIInterfaceOrientationLandscapeRight";
				INFOPLIST_KEY_UISupportedInterfaceOrientations_iPhone = "UIInterfaceOrientationPortrait UIInterfaceOrientationLandscapeLeft UIInterfaceOrientationLandscapeRight";
				LD_RUNPATH_SEARCH_PATHS = (
					"$(inherited)",
					"@executable_path/Frameworks",
				);
				MARKETING_VERSION = 1.0;
				PRODUCT_BUNDLE_IDENTIFIER = kwk.ToDoList;
				PRODUCT_NAME = "$(TARGET_NAME)";
				SWIFT_EMIT_LOC_STRINGS = YES;
				SWIFT_VERSION = 5.0;
				TARGETED_DEVICE_FAMILY = "1,2";
			};
			name = Debug;
		};
		BD95DE402894209D00172FDB /* Release */ = {
			isa = XCBuildConfiguration;
			buildSettings = {
				ASSETCATALOG_COMPILER_APPICON_NAME = AppIcon;
				ASSETCATALOG_COMPILER_GLOBAL_ACCENT_COLOR_NAME = AccentColor;
				CODE_SIGN_STYLE = Automatic;
				CURRENT_PROJECT_VERSION = 1;
				GENERATE_INFOPLIST_FILE = YES;
				INFOPLIST_FILE = ToDoList/Info.plist;
				INFOPLIST_KEY_UIApplicationSupportsIndirectInputEvents = YES;
				INFOPLIST_KEY_UILaunchStoryboardName = LaunchScreen;
				INFOPLIST_KEY_UIMainStoryboardFile = Main;
				INFOPLIST_KEY_UISupportedInterfaceOrientations_iPad = "UIInterfaceOrientationPortrait UIInterfaceOrientationPortraitUpsideDown UIInterfaceOrientationLandscapeLeft UIInterfaceOrientationLandscapeRight";
				INFOPLIST_KEY_UISupportedInterfaceOrientations_iPhone = "UIInterfaceOrientationPortrait UIInterfaceOrientationLandscapeLeft UIInterfaceOrientationLandscapeRight";
				LD_RUNPATH_SEARCH_PATHS = (
					"$(inherited)",
					"@executable_path/Frameworks",
				);
				MARKETING_VERSION = 1.0;
				PRODUCT_BUNDLE_IDENTIFIER = kwk.ToDoList;
				PRODUCT_NAME = "$(TARGET_NAME)";
				SWIFT_EMIT_LOC_STRINGS = YES;
				SWIFT_VERSION = 5.0;
				TARGETED_DEVICE_FAMILY = "1,2";
			};
			name = Release;
		};
		BD95DE422894209D00172FDB /* Debug */ = {
			isa = XCBuildConfiguration;
			buildSettings = {
				ALWAYS_EMBED_SWIFT_STANDARD_LIBRARIES = YES;
				BUNDLE_LOADER = "$(TEST_HOST)";
				CODE_SIGN_STYLE = Automatic;
				CURRENT_PROJECT_VERSION = 1;
				GENERATE_INFOPLIST_FILE = YES;
				IPHONEOS_DEPLOYMENT_TARGET = 15.5;
				MARKETING_VERSION = 1.0;
				PRODUCT_BUNDLE_IDENTIFIER = kwk.ToDoListTests;
				PRODUCT_NAME = "$(TARGET_NAME)";
				SWIFT_EMIT_LOC_STRINGS = NO;
				SWIFT_VERSION = 5.0;
				TARGETED_DEVICE_FAMILY = "1,2";
				TEST_HOST = "$(BUILT_PRODUCTS_DIR)/ToDoList.app/ToDoList";
			};
			name = Debug;
		};
		BD95DE432894209D00172FDB /* Release */ = {
			isa = XCBuildConfiguration;
			buildSettings = {
				ALWAYS_EMBED_SWIFT_STANDARD_LIBRARIES = YES;
				BUNDLE_LOADER = "$(TEST_HOST)";
				CODE_SIGN_STYLE = Automatic;
				CURRENT_PROJECT_VERSION = 1;
				GENERATE_INFOPLIST_FILE = YES;
				IPHONEOS_DEPLOYMENT_TARGET = 15.5;
				MARKETING_VERSION = 1.0;
				PRODUCT_BUNDLE_IDENTIFIER = kwk.ToDoListTests;
				PRODUCT_NAME = "$(TARGET_NAME)";
				SWIFT_EMIT_LOC_STRINGS = NO;
				SWIFT_VERSION = 5.0;
				TARGETED_DEVICE_FAMILY = "1,2";
				TEST_HOST = "$(BUILT_PRODUCTS_DIR)/ToDoList.app/ToDoList";
			};
			name = Release;
		};
		BD95DE452894209D00172FDB /* Debug */ = {
			isa = XCBuildConfiguration;
			buildSettings = {
				ALWAYS_EMBED_SWIFT_STANDARD_LIBRARIES = YES;
				CODE_SIGN_STYLE = Automatic;
				CURRENT_PROJECT_VERSION = 1;
				GENERATE_INFOPLIST_FILE = YES;
				MARKETING_VERSION = 1.0;
				PRODUCT_BUNDLE_IDENTIFIER = kwk.ToDoListUITests;
				PRODUCT_NAME = "$(TARGET_NAME)";
				SWIFT_EMIT_LOC_STRINGS = NO;
				SWIFT_VERSION = 5.0;
				TARGETED_DEVICE_FAMILY = "1,2";
				TEST_TARGET_NAME = ToDoList;
			};
			name = Debug;
		};
		BD95DE462894209D00172FDB /* Release */ = {
			isa = XCBuildConfiguration;
			buildSettings = {
				ALWAYS_EMBED_SWIFT_STANDARD_LIBRARIES = YES;
				CODE_SIGN_STYLE = Automatic;
				CURRENT_PROJECT_VERSION = 1;
				GENERATE_INFOPLIST_FILE = YES;
				MARKETING_VERSION = 1.0;
				PRODUCT_BUNDLE_IDENTIFIER = kwk.ToDoListUITests;
				PRODUCT_NAME = "$(TARGET_NAME)";
				SWIFT_EMIT_LOC_STRINGS = NO;
				SWIFT_VERSION = 5.0;
				TARGETED_DEVICE_FAMILY = "1,2";
				TEST_TARGET_NAME = ToDoList;
			};
			name = Release;
		};
/* End XCBuildConfiguration section */

/* Begin XCConfigurationList section */
		BD95DE0C2894209A00172FDB /* Build configuration list for PBXProject "ToDoList" */ = {
			isa = XCConfigurationList;
			buildConfigurations = (
				BD95DE3C2894209D00172FDB /* Debug */,
				BD95DE3D2894209D00172FDB /* Release */,
			);
			defaultConfigurationIsVisible = 0;
			defaultConfigurationName = Release;
		};
		BD95DE3E2894209D00172FDB /* Build configuration list for PBXNativeTarget "ToDoList" */ = {
			isa = XCConfigurationList;
			buildConfigurations = (
				BD95DE3F2894209D00172FDB /* Debug */,
				BD95DE402894209D00172FDB /* Release */,
			);
			defaultConfigurationIsVisible = 0;
			defaultConfigurationName = Release;
		};
		BD95DE412894209D00172FDB /* Build configuration list for PBXNativeTarget "ToDoListTests" */ = {
			isa = XCConfigurationList;
			buildConfigurations = (
				BD95DE422894209D00172FDB /* Debug */,
				BD95DE432894209D00172FDB /* Release */,
			);
			defaultConfigurationIsVisible = 0;
			defaultConfigurationName = Release;
		};
		BD95DE442894209D00172FDB /* Build configuration list for PBXNativeTarget "ToDoListUITests" */ = {
			isa = XCConfigurationList;
			buildConfigurations = (
				BD95DE452894209D00172FDB /* Debug */,
				BD95DE462894209D00172FDB /* Release */,
			);
			defaultConfigurationIsVisible = 0;
			defaultConfigurationName = Release;
		};
/* End XCConfigurationList section */

/* Begin XCVersionGroup section */
		BD95DE1D2894209B00172FDB /* ToDoList.xcdatamodeld */ = {
			isa = XCVersionGroup;
			children = (
				BD95DE1E2894209B00172FDB /* ToDoList.xcdatamodel */,
			);
			currentVersion = BD95DE1E2894209B00172FDB /* ToDoList.xcdatamodel */;
			path = ToDoList.xcdatamodeld;
			sourceTree = "<group>";
			versionGroupType = wrapper.xcdatamodel;
		};
/* End XCVersionGroup section */
	};
	rootObject = BD95DE092894209A00172FDB /* Project object */;
}
